// !$*UTF8*$!
{
	archiveVersion = 1;
	classes = {
	};
	objectVersion = 46;
	objects = {

/* Begin PBXBuildFile section */
		873650D61546086F004FB445 /* Cocoa.framework in Frameworks */ = {isa = PBXBuildFile; fileRef = 873650D51546086F004FB445 /* Cocoa.framework */; };
		873650E01546086F004FB445 /* InfoPlist.strings in Resources */ = {isa = PBXBuildFile; fileRef = 873650DE1546086F004FB445 /* InfoPlist.strings */; };
		873650E21546086F004FB445 /* main.m in Sources */ = {isa = PBXBuildFile; fileRef = 873650E11546086F004FB445 /* main.m */; };
		873650E61546086F004FB445 /* Credits.rtf in Resources */ = {isa = PBXBuildFile; fileRef = 873650E41546086F004FB445 /* Credits.rtf */; };
		873650E91546086F004FB445 /* SpeakLineAppDelegate.m in Sources */ = {isa = PBXBuildFile; fileRef = 873650E81546086F004FB445 /* SpeakLineAppDelegate.m */; };
		873650EC1546086F004FB445 /* MainMenu.xib in Resources */ = {isa = PBXBuildFile; fileRef = 873650EA1546086F004FB445 /* MainMenu.xib */; };
/* End PBXBuildFile section */

/* Begin PBXFileReference section */
		873650D11546086F004FB445 /* SpeakLine.app */ = {isa = PBXFileReference; explicitFileType = wrapper.application; includeInIndex = 0; path = SpeakLine.app; sourceTree = BUILT_PRODUCTS_DIR; };
		873650D51546086F004FB445 /* Cocoa.framework */ = {isa = PBXFileReference; lastKnownFileType = wrapper.framework; name = Cocoa.framework; path = System/Library/Frameworks/Cocoa.framework; sourceTree = SDKROOT; };
		873650D81546086F004FB445 /* AppKit.framework */ = {isa = PBXFileReference; lastKnownFileType = wrapper.framework; name = AppKit.framework; path = System/Library/Frameworks/AppKit.framework; sourceTree = SDKROOT; };
		873650D91546086F004FB445 /* CoreData.framework */ = {isa = PBXFileReference; lastKnownFileType = wrapper.framework; name = CoreData.framework; path = System/Library/Frameworks/CoreData.framework; sourceTree = SDKROOT; };
		873650DA1546086F004FB445 /* Foundation.framework */ = {isa = PBXFileReference; lastKnownFileType = wrapper.framework; name = Foundation.framework; path = System/Library/Frameworks/Foundation.framework; sourceTree = SDKROOT; };
		873650DD1546086F004FB445 /* SpeakLine-Info.plist */ = {isa = PBXFileReference; lastKnownFileType = text.plist.xml; path = "SpeakLine-Info.plist"; sourceTree = "<group>"; };
		873650DF1546086F004FB445 /* en */ = {isa = PBXFileReference; lastKnownFileType = text.plist.strings; name = en; path = en.lproj/InfoPlist.strings; sourceTree = "<group>"; };
		873650E11546086F004FB445 /* main.m */ = {isa = PBXFileReference; lastKnownFileType = sourcecode.c.objc; path = main.m; sourceTree = "<group>"; };
		873650E31546086F004FB445 /* SpeakLine-Prefix.pch */ = {isa = PBXFileReference; lastKnownFileType = sourcecode.c.h; path = "SpeakLine-Prefix.pch"; sourceTree = "<group>"; };
		873650E51546086F004FB445 /* en */ = {isa = PBXFileReference; lastKnownFileType = text.rtf; name = en; path = en.lproj/Credits.rtf; sourceTree = "<group>"; };
		873650E71546086F004FB445 /* SpeakLineAppDelegate.h */ = {isa = PBXFileReference; lastKnownFileType = sourcecode.c.h; path = SpeakLineAppDelegate.h; sourceTree = "<group>"; };
		873650E81546086F004FB445 /* SpeakLineAppDelegate.m */ = {isa = PBXFileReference; lastKnownFileType = sourcecode.c.objc; path = SpeakLineAppDelegate.m; sourceTree = "<group>"; };
		873650EB1546086F004FB445 /* en */ = {isa = PBXFileReference; lastKnownFileType = file.xib; name = en; path = en.lproj/MainMenu.xib; sourceTree = "<group>"; };
/* End PBXFileReference section */

/* Begin PBXFrameworksBuildPhase section */
		873650CE1546086F004FB445 /* Frameworks */ = {
			isa = PBXFrameworksBuildPhase;
			buildActionMask = 2147483647;
			files = (
				873650D61546086F004FB445 /* Cocoa.framework in Frameworks */,
			);
			runOnlyForDeploymentPostprocessing = 0;
		};
/* End PBXFrameworksBuildPhase section */

/* Begin PBXGroup section */
		873650C61546086F004FB445 = {
			isa = PBXGroup;
			children = (
				873650DB1546086F004FB445 /* SpeakLine */,
				873650D41546086F004FB445 /* Frameworks */,
				873650D21546086F004FB445 /* Products */,
			);
			sourceTree = "<group>";
		};
		873650D21546086F004FB445 /* Products */ = {
			isa = PBXGroup;
			children = (
				873650D11546086F004FB445 /* SpeakLine.app */,
			);
			name = Products;
			sourceTree = "<group>";
		};
		873650D41546086F004FB445 /* Frameworks */ = {
			isa = PBXGroup;
			children = (
				873650D51546086F004FB445 /* Cocoa.framework */,
				873650D71546086F004FB445 /* Other Frameworks */,
			);
			name = Frameworks;
			sourceTree = "<group>";
		};
		873650D71546086F004FB445 /* Other Frameworks */ = {
			isa = PBXGroup;
			children = (
				873650D81546086F004FB445 /* AppKit.framework */,
				873650D91546086F004FB445 /* CoreData.framework */,
				873650DA1546086F004FB445 /* Foundation.framework */,
			);
			name = "Other Frameworks";
			sourceTree = "<group>";
		};
		873650DB1546086F004FB445 /* SpeakLine */ = {
			isa = PBXGroup;
			children = (
				873650E71546086F004FB445 /* SpeakLineAppDelegate.h */,
				873650E81546086F004FB445 /* SpeakLineAppDelegate.m */,
				873650EA1546086F004FB445 /* MainMenu.xib */,
				873650DC1546086F004FB445 /* Supporting Files */,
			);
			path = SpeakLine;
			sourceTree = "<group>";
		};
		873650DC1546086F004FB445 /* Supporting Files */ = {
			isa = PBXGroup;
			children = (
				873650DD1546086F004FB445 /* SpeakLine-Info.plist */,
				873650DE1546086F004FB445 /* InfoPlist.strings */,
				873650E11546086F004FB445 /* main.m */,
				873650E31546086F004FB445 /* SpeakLine-Prefix.pch */,
				873650E41546086F004FB445 /* Credits.rtf */,
			);
			name = "Supporting Files";
			sourceTree = "<group>";
		};
/* End PBXGroup section */

/* Begin PBXNativeTarget section */
		873650D01546086F004FB445 /* SpeakLine */ = {
			isa = PBXNativeTarget;
			buildConfigurationList = 873650EF1546086F004FB445 /* Build configuration list for PBXNativeTarget "SpeakLine" */;
			buildPhases = (
				873650CD1546086F004FB445 /* Sources */,
				873650CE1546086F004FB445 /* Frameworks */,
				873650CF1546086F004FB445 /* Resources */,
			);
			buildRules = (
			);
			dependencies = (
			);
			name = SpeakLine;
			productName = SpeakLine;
			productReference = 873650D11546086F004FB445 /* SpeakLine.app */;
			productType = "com.apple.product-type.application";
		};
/* End PBXNativeTarget section */

/* Begin PBXProject section */
		873650C81546086F004FB445 /* Project object */ = {
			isa = PBXProject;
			attributes = {
				LastUpgradeCheck = 0420;
				ORGANIZATIONNAME = Within3;
			};
			buildConfigurationList = 873650CB1546086F004FB445 /* Build configuration list for PBXProject "SpeakLine" */;
			compatibilityVersion = "Xcode 3.2";
			developmentRegion = English;
			hasScannedForEncodings = 0;
			knownRegions = (
				en,
			);
			mainGroup = 873650C61546086F004FB445;
			productRefGroup = 873650D21546086F004FB445 /* Products */;
			projectDirPath = "";
			projectRoot = "";
			targets = (
				873650D01546086F004FB445 /* SpeakLine */,
			);
		};
/* End PBXProject section */

/* Begin PBXResourcesBuildPhase section */
		873650CF1546086F004FB445 /* Resources */ = {
			isa = PBXResourcesBuildPhase;
			buildActionMask = 2147483647;
			files = (
				873650E01546086F004FB445 /* InfoPlist.strings in Resources */,
				873650E61546086F004FB445 /* Credits.rtf in Resources */,
				873650EC1546086F004FB445 /* MainMenu.xib in Resources */,
			);
			runOnlyForDeploymentPostprocessing = 0;
		};
/* End PBXResourcesBuildPhase section */

/* Begin PBXSourcesBuildPhase section */
		873650CD1546086F004FB445 /* Sources */ = {
			isa = PBXSourcesBuildPhase;
			buildActionMask = 2147483647;
			files = (
				873650E21546086F004FB445 /* main.m in Sources */,
				873650E91546086F004FB445 /* SpeakLineAppDelegate.m in Sources */,
			);
			runOnlyForDeploymentPostprocessing = 0;
		};
/* End PBXSourcesBuildPhase section */

/* Begin PBXVariantGroup section */
		873650DE1546086F004FB445 /* InfoPlist.strings */ = {
			isa = PBXVariantGroup;
			children = (
				873650DF1546086F004FB445 /* en */,
			);
			name = InfoPlist.strings;
			sourceTree = "<group>";
		};
		873650E41546086F004FB445 /* Credits.rtf */ = {
			isa = PBXVariantGroup;
			children = (
				873650E51546086F004FB445 /* en */,
			);
			name = Credits.rtf;
			sourceTree = "<group>";
		};
		873650EA1546086F004FB445 /* MainMenu.xib */ = {
			isa = PBXVariantGroup;
			children = (
				873650EB1546086F004FB445 /* en */,
			);
			name = MainMenu.xib;
			sourceTree = "<group>";
		};
/* End PBXVariantGroup section */

/* Begin XCBuildConfiguration section */
		873650ED1546086F004FB445 /* Debug */ = {
			isa = XCBuildConfiguration;
			buildSettings = {
				ALWAYS_SEARCH_USER_PATHS = NO;
				ARCHS = "$(ARCHS_STANDARD_64_BIT)";
				CLANG_ENABLE_OBJC_ARC = YES;
				COPY_PHASE_STRIP = NO;
				GCC_C_LANGUAGE_STANDARD = gnu99;
				GCC_DYNAMIC_NO_PIC = NO;
				GCC_ENABLE_OBJC_EXCEPTIONS = YES;
				GCC_OPTIMIZATION_LEVEL = 0;
				GCC_PREPROCESSOR_DEFINITIONS = (
					"DEBUG=1",
					"$(inherited)",
				);
				GCC_SYMBOLS_PRIVATE_EXTERN = NO;
				GCC_VERSION = com.apple.compilers.llvm.clang.1_0;
				GCC_WARN_64_TO_32_BIT_CONVERSION = YES;
				GCC_WARN_ABOUT_MISSING_PROTOTYPES = YES;
				GCC_WARN_ABOUT_RETURN_TYPE = YES;
				GCC_WARN_UNUSED_VARIABLE = YES;
				MACOSX_DEPLOYMENT_TARGET = 10.7;
				ONLY_ACTIVE_ARCH = YES;
				SDKROOT = macosx;
			};
			name = Debug;
		};
		873650EE1546086F004FB445 /* Release */ = {
			isa = XCBuildConfiguration;
			buildSettings = {
				ALWAYS_SEARCH_USER_PATHS = NO;
				ARCHS = "$(ARCHS_STANDARD_64_BIT)";
				CLANG_ENABLE_OBJC_ARC = YES;
				COPY_PHASE_STRIP = YES;
				DEBUG_INFORMATION_FORMAT = "dwarf-with-dsym";
				GCC_C_LANGUAGE_STANDARD = gnu99;
				GCC_ENABLE_OBJC_EXCEPTIONS = YES;
				GCC_VERSION = com.apple.compilers.llvm.clang.1_0;
				GCC_WARN_64_TO_32_BIT_CONVERSION = YES;
				GCC_WARN_ABOUT_MISSING_PROTOTYPES = YES;
				GCC_WARN_ABOUT_RETURN_TYPE = YES;
				GCC_WARN_UNUSED_VARIABLE = YES;
				MACOSX_DEPLOYMENT_TARGET = 10.7;
				SDKROOT = macosx;
			};
			name = Release;
		};
		873650F01546086F004FB445 /* Debug */ = {
			isa = XCBuildConfiguration;
			buildSettings = {
				GCC_PRECOMPILE_PREFIX_HEADER = YES;
				GCC_PREFIX_HEADER = "SpeakLine/SpeakLine-Prefix.pch";
				INFOPLIST_FILE = "SpeakLine/SpeakLine-Info.plist";
				PRODUCT_NAME = "$(TARGET_NAME)";
				WRAPPER_EXTENSION = app;
			};
			name = Debug;
		};
		873650F11546086F004FB445 /* Release */ = {
			isa = XCBuildConfiguration;
			buildSettings = {
				GCC_PRECOMPILE_PREFIX_HEADER = YES;
				GCC_PREFIX_HEADER = "SpeakLine/SpeakLine-Prefix.pch";
				INFOPLIST_FILE = "SpeakLine/SpeakLine-Info.plist";
				PRODUCT_NAME = "$(TARGET_NAME)";
				WRAPPER_EXTENSION = app;
			};
			name = Release;
		};
/* End XCBuildConfiguration section */

/* Begin XCConfigurationList section */
		873650CB1546086F004FB445 /* Build configuration list for PBXProject "SpeakLine" */ = {
			isa = XCConfigurationList;
			buildConfigurations = (
				873650ED1546086F004FB445 /* Debug */,
				873650EE1546086F004FB445 /* Release */,
			);
			defaultConfigurationIsVisible = 0;
			defaultConfigurationName = Release;
		};
		873650EF1546086F004FB445 /* Build configuration list for PBXNativeTarget "SpeakLine" */ = {
			isa = XCConfigurationList;
			buildConfigurations = (
				873650F01546086F004FB445 /* Debug */,
				873650F11546086F004FB445 /* Release */,
			);
			defaultConfigurationIsVisible = 0;
		};
/* End XCConfigurationList section */
	};
	rootObject = 873650C81546086F004FB445 /* Project object */;
}
